
Microsoft Visual Studio Solution File, Format Version 12.00
# Visual Studio 15
VisualStudioVersion = 15.0.27130.2003
MinimumVisualStudioVersion = 10.0.40219.1
Project("{FAE04EC0-301F-11D3-BF4B-00C04F79EFBC}") = "DailyJobStarterPack", "DailyJobStarterPack\DailyJobStarterPack.csproj", "{4BE5A68F-300E-45CD-8B0F-DB94840CB704}"
EndProject
Project("{FAE04EC0-301F-11D3-BF4B-00C04F79EFBC}") = "DailyJobStarterPack.Web", "DailyJobStarterPack.Web\DailyJobStarterPack.Web.csproj", "{3FA8FB66-D62D-44C4-AE05-FC85A4D8E566}"
EndProject
Project("{FAE04EC0-301F-11D3-BF4B-00C04F79EFBC}") = "DataBaseCommunication", "DataBaseCommunication\DataBaseCommunication.csproj", "{8792401C-4E91-45CB-B87C-C6A061C3EBF0}"
EndProject
Project("{FAE04EC0-301F-11D3-BF4B-00C04F79EFBC}") = "ReportCMSLibrary", "ReportCMSLibrary\ReportCMSLibrary.csproj", "{0AF26B4B-CE5A-4C51-B92B-CEB9E3E2AF89}"
EndProject
Global
	GlobalSection(SolutionConfigurationPlatforms) = preSolution
		Debug|Any CPU = Debug|Any CPU
		Release|Any CPU = Release|Any CPU
	EndGlobalSection
	GlobalSection(ProjectConfigurationPlatforms) = postSolution
		{4BE5A68F-300E-45CD-8B0F-DB94840CB704}.Debug|Any CPU.ActiveCfg = Debug|Any CPU
		{4BE5A68F-300E-45CD-8B0F-DB94840CB704}.Debug|Any CPU.Build.0 = Debug|Any CPU
		{4BE5A68F-300E-45CD-8B0F-DB94840CB704}.Release|Any CPU.ActiveCfg = Release|Any CPU
		{4BE5A68F-300E-45CD-8B0F-DB94840CB704}.Release|Any CPU.Build.0 = Release|Any CPU
		{3FA8FB66-D62D-44C4-AE05-FC85A4D8E566}.Debug|Any CPU.ActiveCfg = Debug|Any CPU
		{3FA8FB66-D62D-44C4-AE05-FC85A4D8E566}.Debug|Any CPU.Build.0 = Debug|Any CPU
		{3FA8FB66-D62D-44C4-AE05-FC85A4D8E566}.Release|Any CPU.ActiveCfg = Release|Any CPU
		{3FA8FB66-D62D-44C4-AE05-FC85A4D8E566}.Release|Any CPU.Build.0 = Release|Any CPU
		{8792401C-4E91-45CB-B87C-C6A061C3EBF0}.Debug|Any CPU.ActiveCfg = Debug|Any CPU
		{8792401C-4E91-45CB-B87C-C6A061C3EBF0}.Debug|Any CPU.Build.0 = Debug|Any CPU
		{8792401C-4E91-45CB-B87C-C6A061C3EBF0}.Release|Any CPU.ActiveCfg = Release|Any CPU
		{8792401C-4E91-45CB-B87C-C6A061C3EBF0}.Release|Any CPU.Build.0 = Release|Any CPU
		{0AF26B4B-CE5A-4C51-B92B-CEB9E3E2AF89}.Debug|Any CPU.ActiveCfg = Debug|Any CPU
		{0AF26B4B-CE5A-4C51-B92B-CEB9E3E2AF89}.Debug|Any CPU.Build.0 = Debug|Any CPU
		{0AF26B4B-CE5A-4C51-B92B-CEB9E3E2AF89}.Release|Any CPU.ActiveCfg = Release|Any CPU
		{0AF26B4B-CE5A-4C51-B92B-CEB9E3E2AF89}.Release|Any CPU.Build.0 = Release|Any CPU
	EndGlobalSection
	GlobalSection(SolutionProperties) = preSolution
		HideSolutionNode = FALSE
	EndGlobalSection
	GlobalSection(ExtensibilityGlobals) = postSolution
		SolutionGuid = {CE649406-3CE7-4BBC-9F78-AADB99E5A058}
	EndGlobalSection
EndGlobal
